// !$*UTF8*$!
{
	archiveVersion = 1;
	classes = {
	};
	objectVersion = 50;
	objects = {

/* Begin PBXBuildFile section */
		3F115B2E21A555F0002C55C2 /* AppDelegate.swift in Sources */ = {isa = PBXBuildFile; fileRef = 3F115B2D21A555F0002C55C2 /* AppDelegate.swift */; };
		3F115B3021A555F0002C55C2 /* ViewController.swift in Sources */ = {isa = PBXBuildFile; fileRef = 3F115B2F21A555F0002C55C2 /* ViewController.swift */; };
		3F115B3321A555F0002C55C2 /* Main.storyboard in Resources */ = {isa = PBXBuildFile; fileRef = 3F115B3121A555F0002C55C2 /* Main.storyboard */; };
		3F115B3521A555F1002C55C2 /* Assets.xcassets in Resources */ = {isa = PBXBuildFile; fileRef = 3F115B3421A555F1002C55C2 /* Assets.xcassets */; };
		3F115B3821A555F1002C55C2 /* LaunchScreen.storyboard in Resources */ = {isa = PBXBuildFile; fileRef = 3F115B3621A555F1002C55C2 /* LaunchScreen.storyboard */; };
		3F115B4321A555F1002C55C2 /* _0Tests.swift in Sources */ = {isa = PBXBuildFile; fileRef = 3F115B4221A555F1002C55C2 /* _0Tests.swift */; };
		3F115B4E21A555F1002C55C2 /* _0UITests.swift in Sources */ = {isa = PBXBuildFile; fileRef = 3F115B4D21A555F1002C55C2 /* _0UITests.swift */; };
/* End PBXBuildFile section */

/* Begin PBXContainerItemProxy section */
		3F115B3F21A555F1002C55C2 /* PBXContainerItemProxy */ = {
			isa = PBXContainerItemProxy;
			containerPortal = 3F115B2221A555F0002C55C2 /* Project object */;
			proxyType = 1;
			remoteGlobalIDString = 3F115B2921A555F0002C55C2;
			remoteInfo = 10;
		};
		3F115B4A21A555F1002C55C2 /* PBXContainerItemProxy */ = {
			isa = PBXContainerItemProxy;
			containerPortal = 3F115B2221A555F0002C55C2 /* Project object */;
			proxyType = 1;
			remoteGlobalIDString = 3F115B2921A555F0002C55C2;
			remoteInfo = 10;
		};
/* End PBXContainerItemProxy section */

/* Begin PBXFileReference section */
		3F115B2A21A555F0002C55C2 /* 10.app */ = {isa = PBXFileReference; explicitFileType = wrapper.application; includeInIndex = 0; path = 10.app; sourceTree = BUILT_PRODUCTS_DIR; };
		3F115B2D21A555F0002C55C2 /* AppDelegate.swift */ = {isa = PBXFileReference; lastKnownFileType = sourcecode.swift; path = AppDelegate.swift; sourceTree = "<group>"; };
		3F115B2F21A555F0002C55C2 /* ViewController.swift */ = {isa = PBXFileReference; lastKnownFileType = sourcecode.swift; path = ViewController.swift; sourceTree = "<group>"; };
		3F115B3221A555F0002C55C2 /* Base */ = {isa = PBXFileReference; lastKnownFileType = file.storyboard; name = Base; path = Base.lproj/Main.storyboard; sourceTree = "<group>"; };
		3F115B3421A555F1002C55C2 /* Assets.xcassets */ = {isa = PBXFileReference; lastKnownFileType = folder.assetcatalog; path = Assets.xcassets; sourceTree = "<group>"; };
		3F115B3721A555F1002C55C2 /* Base */ = {isa = PBXFileReference; lastKnownFileType = file.storyboard; name = Base; path = Base.lproj/LaunchScreen.storyboard; sourceTree = "<group>"; };
		3F115B3921A555F1002C55C2 /* Info.plist */ = {isa = PBXFileReference; lastKnownFileType = text.plist.xml; path = Info.plist; sourceTree = "<group>"; };
		3F115B3E21A555F1002C55C2 /* 10Tests.xctest */ = {isa = PBXFileReference; explicitFileType = wrapper.cfbundle; includeInIndex = 0; path = 10Tests.xctest; sourceTree = BUILT_PRODUCTS_DIR; };
		3F115B4221A555F1002C55C2 /* _0Tests.swift */ = {isa = PBXFileReference; lastKnownFileType = sourcecode.swift; path = _0Tests.swift; sourceTree = "<group>"; };
		3F115B4421A555F1002C55C2 /* Info.plist */ = {isa = PBXFileReference; lastKnownFileType = text.plist.xml; path = Info.plist; sourceTree = "<group>"; };
		3F115B4921A555F1002C55C2 /* 10UITests.xctest */ = {isa = PBXFileReference; explicitFileType = wrapper.cfbundle; includeInIndex = 0; path = 10UITests.xctest; sourceTree = BUILT_PRODUCTS_DIR; };
		3F115B4D21A555F1002C55C2 /* _0UITests.swift */ = {isa = PBXFileReference; lastKnownFileType = sourcecode.swift; path = _0UITests.swift; sourceTree = "<group>"; };
		3F115B4F21A555F1002C55C2 /* Info.plist */ = {isa = PBXFileReference; lastKnownFileType = text.plist.xml; path = Info.plist; sourceTree = "<group>"; };
/* End PBXFileReference section */

/* Begin PBXFrameworksBuildPhase section */
		3F115B2721A555F0002C55C2 /* Frameworks */ = {
			isa = PBXFrameworksBuildPhase;
			buildActionMask = 2147483647;
			files = (
			);
			runOnlyForDeploymentPostprocessing = 0;
		};
		3F115B3B21A555F1002C55C2 /* Frameworks */ = {
			isa = PBXFrameworksBuildPhase;
			buildActionMask = 2147483647;
			files = (
			);
			runOnlyForDeploymentPostprocessing = 0;
		};
		3F115B4621A555F1002C55C2 /* Frameworks */ = {
			isa = PBXFrameworksBuildPhase;
			buildActionMask = 2147483647;
			files = (
			);
			runOnlyForDeploymentPostprocessing = 0;
		};
/* End PBXFrameworksBuildPhase section */

/* Begin PBXGroup section */
		3F115B2121A555F0002C55C2 = {
			isa = PBXGroup;
			children = (
				3F115B2C21A555F0002C55C2 /* 10 */,
				3F115B4121A555F1002C55C2 /* 10Tests */,
				3F115B4C21A555F1002C55C2 /* 10UITests */,
				3F115B2B21A555F0002C55C2 /* Products */,
			);
			sourceTree = "<group>";
		};
		3F115B2B21A555F0002C55C2 /* Products */ = {
			isa = PBXGroup;
			children = (
				3F115B2A21A555F0002C55C2 /* 10.app */,
				3F115B3E21A555F1002C55C2 /* 10Tests.xctest */,
				3F115B4921A555F1002C55C2 /* 10UITests.xctest */,
			);
			name = Products;
			sourceTree = "<group>";
		};
		3F115B2C21A555F0002C55C2 /* 10 */ = {
			isa = PBXGroup;
			children = (
				3F115B2D21A555F0002C55C2 /* AppDelegate.swift */,
				3F115B2F21A555F0002C55C2 /* ViewController.swift */,
				3F115B3121A555F0002C55C2 /* Main.storyboard */,
				3F115B3421A555F1002C55C2 /* Assets.xcassets */,
				3F115B3621A555F1002C55C2 /* LaunchScreen.storyboard */,
				3F115B3921A555F1002C55C2 /* Info.plist */,
			);
			path = 10;
			sourceTree = "<group>";
		};
		3F115B4121A555F1002C55C2 /* 10Tests */ = {
			isa = PBXGroup;
			children = (
				3F115B4221A555F1002C55C2 /* _0Tests.swift */,
				3F115B4421A555F1002C55C2 /* Info.plist */,
			);
			path = 10Tests;
			sourceTree = "<group>";
		};
		3F115B4C21A555F1002C55C2 /* 10UITests */ = {
			isa = PBXGroup;
			children = (
				3F115B4D21A555F1002C55C2 /* _0UITests.swift */,
				3F115B4F21A555F1002C55C2 /* Info.plist */,
			);
			path = 10UITests;
			sourceTree = "<group>";
		};
/* End PBXGroup section */

/* Begin PBXNativeTarget section */
		3F115B2921A555F0002C55C2 /* 10 */ = {
			isa = PBXNativeTarget;
			buildConfigurationList = 3F115B5221A555F1002C55C2 /* Build configuration list for PBXNativeTarget "10" */;
			buildPhases = (
				3F115B2621A555F0002C55C2 /* Sources */,
				3F115B2721A555F0002C55C2 /* Frameworks */,
				3F115B2821A555F0002C55C2 /* Resources */,
			);
			buildRules = (
			);
			dependencies = (
			);
			name = 10;
			productName = 10;
			productReference = 3F115B2A21A555F0002C55C2 /* 10.app */;
			productType = "com.apple.product-type.application";
		};
		3F115B3D21A555F1002C55C2 /* 10Tests */ = {
			isa = PBXNativeTarget;
			buildConfigurationList = 3F115B5521A555F1002C55C2 /* Build configuration list for PBXNativeTarget "10Tests" */;
			buildPhases = (
				3F115B3A21A555F1002C55C2 /* Sources */,
				3F115B3B21A555F1002C55C2 /* Frameworks */,
				3F115B3C21A555F1002C55C2 /* Resources */,
			);
			buildRules = (
			);
			dependencies = (
				3F115B4021A555F1002C55C2 /* PBXTargetDependency */,
			);
			name = 10Tests;
			productName = 10Tests;
			productReference = 3F115B3E21A555F1002C55C2 /* 10Tests.xctest */;
			productType = "com.apple.product-type.bundle.unit-test";
		};
		3F115B4821A555F1002C55C2 /* 10UITests */ = {
			isa = PBXNativeTarget;
			buildConfigurationList = 3F115B5821A555F1002C55C2 /* Build configuration list for PBXNativeTarget "10UITests" */;
			buildPhases = (
				3F115B4521A555F1002C55C2 /* Sources */,
				3F115B4621A555F1002C55C2 /* Frameworks */,
				3F115B4721A555F1002C55C2 /* Resources */,
			);
			buildRules = (
			);
			dependencies = (
				3F115B4B21A555F1002C55C2 /* PBXTargetDependency */,
			);
			name = 10UITests;
			productName = 10UITests;
			productReference = 3F115B4921A555F1002C55C2 /* 10UITests.xctest */;
			productType = "com.apple.product-type.bundle.ui-testing";
		};
/* End PBXNativeTarget section */

/* Begin PBXProject section */
		3F115B2221A555F0002C55C2 /* Project object */ = {
			isa = PBXProject;
			attributes = {
				LastSwiftUpdateCheck = 1000;
				LastUpgradeCheck = 1000;
				ORGANIZATIONNAME = student;
				TargetAttributes = {
					3F115B2921A555F0002C55C2 = {
						CreatedOnToolsVersion = 10.0;
					};
					3F115B3D21A555F1002C55C2 = {
						CreatedOnToolsVersion = 10.0;
						TestTargetID = 3F115B2921A555F0002C55C2;
					};
					3F115B4821A555F1002C55C2 = {
						CreatedOnToolsVersion = 10.0;
						TestTargetID = 3F115B2921A555F0002C55C2;
					};
				};
			};
			buildConfigurationList = 3F115B2521A555F0002C55C2 /* Build configuration list for PBXProject "10" */;
			compatibilityVersion = "Xcode 9.3";
			developmentRegion = en;
			hasScannedForEncodings = 0;
			knownRegions = (
				en,
				Base,
			);
			mainGroup = 3F115B2121A555F0002C55C2;
			productRefGroup = 3F115B2B21A555F0002C55C2 /* Products */;
			projectDirPath = "";
			projectRoot = "";
			targets = (
				3F115B2921A555F0002C55C2 /* 10 */,
				3F115B3D21A555F1002C55C2 /* 10Tests */,
				3F115B4821A555F1002C55C2 /* 10UITests */,
			);
		};
/* End PBXProject section */

/* Begin PBXResourcesBuildPhase section */
		3F115B2821A555F0002C55C2 /* Resources */ = {
			isa = PBXResourcesBuildPhase;
			buildActionMask = 2147483647;
			files = (
				3F115B3821A555F1002C55C2 /* LaunchScreen.storyboard in Resources */,
				3F115B3521A555F1002C55C2 /* Assets.xcassets in Resources */,
				3F115B3321A555F0002C55C2 /* Main.storyboard in Resources */,
			);
			runOnlyForDeploymentPostprocessing = 0;
		};
		3F115B3C21A555F1002C55C2 /* Resources */ = {
			isa = PBXResourcesBuildPhase;
			buildActionMask = 2147483647;
			files = (
			);
			runOnlyForDeploymentPostprocessing = 0;
		};
		3F115B4721A555F1002C55C2 /* Resources */ = {
			isa = PBXResourcesBuildPhase;
			buildActionMask = 2147483647;
			files = (
			);
			runOnlyForDeploymentPostprocessing = 0;
		};
/* End PBXResourcesBuildPhase section */

/* Begin PBXSourcesBuildPhase section */
		3F115B2621A555F0002C55C2 /* Sources */ = {
			isa = PBXSourcesBuildPhase;
			buildActionMask = 2147483647;
			files = (
				3F115B3021A555F0002C55C2 /* ViewController.swift in Sources */,
				3F115B2E21A555F0002C55C2 /* AppDelegate.swift in Sources */,
			);
			runOnlyForDeploymentPostprocessing = 0;
		};
		3F115B3A21A555F1002C55C2 /* Sources */ = {
			isa = PBXSourcesBuildPhase;
			buildActionMask = 2147483647;
			files = (
				3F115B4321A555F1002C55C2 /* _0Tests.swift in Sources */,
			);
			runOnlyForDeploymentPostprocessing = 0;
		};
		3F115B4521A555F1002C55C2 /* Sources */ = {
			isa = PBXSourcesBuildPhase;
			buildActionMask = 2147483647;
			files = (
				3F115B4E21A555F1002C55C2 /* _0UITests.swift in Sources */,
			);
			runOnlyForDeploymentPostprocessing = 0;
		};
/* End PBXSourcesBuildPhase section */

/* Begin PBXTargetDependency section */
		3F115B4021A555F1002C55C2 /* PBXTargetDependency */ = {
			isa = PBXTargetDependency;
			target = 3F115B2921A555F0002C55C2 /* 10 */;
			targetProxy = 3F115B3F21A555F1002C55C2 /* PBXContainerItemProxy */;
		};
		3F115B4B21A555F1002C55C2 /* PBXTargetDependency */ = {
			isa = PBXTargetDependency;
			target = 3F115B2921A555F0002C55C2 /* 10 */;
			targetProxy = 3F115B4A21A555F1002C55C2 /* PBXContainerItemProxy */;
		};
/* End PBXTargetDependency section */

/* Begin PBXVariantGroup section */
		3F115B3121A555F0002C55C2 /* Main.storyboard */ = {
			isa = PBXVariantGroup;
			children = (
				3F115B3221A555F0002C55C2 /* Base */,
			);
			name = Main.storyboard;
			sourceTree = "<group>";
		};
		3F115B3621A555F1002C55C2 /* LaunchScreen.storyboard */ = {
			isa = PBXVariantGroup;
			children = (
				3F115B3721A555F1002C55C2 /* Base */,
			);
			name = LaunchScreen.storyboard;
			sourceTree = "<group>";
		};
/* End PBXVariantGroup section */

/* Begin XCBuildConfiguration section */
		3F115B5021A555F1002C55C2 /* Debug */ = {
			isa = XCBuildConfiguration;
			buildSettings = {
				ALWAYS_SEARCH_USER_PATHS = NO;
				CLANG_ANALYZER_NONNULL = YES;
				CLANG_ANALYZER_NUMBER_OBJECT_CONVERSION = YES_AGGRESSIVE;
				CLANG_CXX_LANGUAGE_STANDARD = "gnu++14";
				CLANG_CXX_LIBRARY = "libc++";
				CLANG_ENABLE_MODULES = YES;
				CLANG_ENABLE_OBJC_ARC = YES;
				CLANG_ENABLE_OBJC_WEAK = YES;
				CLANG_WARN_BLOCK_CAPTURE_AUTORELEASING = YES;
				CLANG_WARN_BOOL_CONVERSION = YES;
				CLANG_WARN_COMMA = YES;
				CLANG_WARN_CONSTANT_CONVERSION = YES;
				CLANG_WARN_DEPRECATED_OBJC_IMPLEMENTATIONS = YES;
				CLANG_WARN_DIRECT_OBJC_ISA_USAGE = YES_ERROR;
				CLANG_WARN_DOCUMENTATION_COMMENTS = YES;
				CLANG_WARN_EMPTY_BODY = YES;
				CLANG_WARN_ENUM_CONVERSION = YES;
				CLANG_WARN_INFINITE_RECURSION = YES;
				CLANG_WARN_INT_CONVERSION = YES;
				CLANG_WARN_NON_LITERAL_NULL_CONVERSION = YES;
				CLANG_WARN_OBJC_IMPLICIT_RETAIN_SELF = YES;
				CLANG_WARN_OBJC_LITERAL_CONVERSION = YES;
				CLANG_WARN_OBJC_ROOT_CLASS = YES_ERROR;
				CLANG_WARN_RANGE_LOOP_ANALYSIS = YES;
				CLANG_WARN_STRICT_PROTOTYPES = YES;
				CLANG_WARN_SUSPICIOUS_MOVE = YES;
				CLANG_WARN_UNGUARDED_AVAILABILITY = YES_AGGRESSIVE;
				CLANG_WARN_UNREACHABLE_CODE = YES;
				CLANG_WARN__DUPLICATE_METHOD_MATCH = YES;
				CODE_SIGN_IDENTITY = "iPhone Developer";
				COPY_PHASE_STRIP = NO;
				DEBUG_INFORMATION_FORMAT = dwarf;
				ENABLE_STRICT_OBJC_MSGSEND = YES;
				ENABLE_TESTABILITY = YES;
				GCC_C_LANGUAGE_STANDARD = gnu11;
				GCC_DYNAMIC_NO_PIC = NO;
				GCC_NO_COMMON_BLOCKS = YES;
				GCC_OPTIMIZATION_LEVEL = 0;
				GCC_PREPROCESSOR_DEFINITIONS = (
					"DEBUG=1",
					"$(inherited)",
				);
				GCC_WARN_64_TO_32_BIT_CONVERSION = YES;
				GCC_WARN_ABOUT_RETURN_TYPE = YES_ERROR;
				GCC_WARN_UNDECLARED_SELECTOR = YES;
				GCC_WARN_UNINITIALIZED_AUTOS = YES_AGGRESSIVE;
				GCC_WARN_UNUSED_FUNCTION = YES;
				GCC_WARN_UNUSED_VARIABLE = YES;
				IPHONEOS_DEPLOYMENT_TARGET = 12.0;
				MTL_ENABLE_DEBUG_INFO = INCLUDE_SOURCE;
				MTL_FAST_MATH = YES;
				ONLY_ACTIVE_ARCH = YES;
				SDKROOT = iphoneos;
				SWIFT_ACTIVE_COMPILATION_CONDITIONS = DEBUG;
				SWIFT_OPTIMIZATION_LEVEL = "-Onone";
			};
			name = Debug;
		};
		3F115B5121A555F1002C55C2 /* Release */ = {
			isa = XCBuildConfiguration;
			buildSettings = {
				ALWAYS_SEARCH_USER_PATHS = NO;
				CLANG_ANALYZER_NONNULL = YES;
				CLANG_ANALYZER_NUMBER_OBJECT_CONVERSION = YES_AGGRESSIVE;
				CLANG_CXX_LANGUAGE_STANDARD = "gnu++14";
				CLANG_CXX_LIBRARY = "libc++";
				CLANG_ENABLE_MODULES = YES;
				CLANG_ENABLE_OBJC_ARC = YES;
				CLANG_ENABLE_OBJC_WEAK = YES;
				CLANG_WARN_BLOCK_CAPTURE_AUTORELEASING = YES;
				CLANG_WARN_BOOL_CONVERSION = YES;
				CLANG_WARN_COMMA = YES;
				CLANG_WARN_CONSTANT_CONVERSION = YES;
				CLANG_WARN_DEPRECATED_OBJC_IMPLEMENTATIONS = YES;
				CLANG_WARN_DIRECT_OBJC_ISA_USAGE = YES_ERROR;
				CLANG_WARN_DOCUMENTATION_COMMENTS = YES;
				CLANG_WARN_EMPTY_BODY = YES;
				CLANG_WARN_ENUM_CONVERSION = YES;
				CLANG_WARN_INFINITE_RECURSION = YES;
				CLANG_WARN_INT_CONVERSION = YES;
				CLANG_WARN_NON_LITERAL_NULL_CONVERSION = YES;
				CLANG_WARN_OBJC_IMPLICIT_RETAIN_SELF = YES;
				CLANG_WARN_OBJC_LITERAL_CONVERSION = YES;
				CLANG_WARN_OBJC_ROOT_CLASS = YES_ERROR;
				CLANG_WARN_RANGE_LOOP_ANALYSIS = YES;
				CLANG_WARN_STRICT_PROTOTYPES = YES;
				CLANG_WARN_SUSPICIOUS_MOVE = YES;
				CLANG_WARN_UNGUARDED_AVAILABILITY = YES_AGGRESSIVE;
				CLANG_WARN_UNREACHABLE_CODE = YES;
				CLANG_WARN__DUPLICATE_METHOD_MATCH = YES;
				CODE_SIGN_IDENTITY = "iPhone Developer";
				COPY_PHASE_STRIP = NO;
				DEBUG_INFORMATION_FORMAT = "dwarf-with-dsym";
				ENABLE_NS_ASSERTIONS = NO;
				ENABLE_STRICT_OBJC_MSGSEND = YES;
				GCC_C_LANGUAGE_STANDARD = gnu11;
				GCC_NO_COMMON_BLOCKS = YES;
				GCC_WARN_64_TO_32_BIT_CONVERSION = YES;
				GCC_WARN_ABOUT_RETURN_TYPE = YES_ERROR;
				GCC_WARN_UNDECLARED_SELECTOR = YES;
				GCC_WARN_UNINITIALIZED_AUTOS = YES_AGGRESSIVE;
				GCC_WARN_UNUSED_FUNCTION = YES;
				GCC_WARN_UNUSED_VARIABLE = YES;
				IPHONEOS_DEPLOYMENT_TARGET = 12.0;
				MTL_ENABLE_DEBUG_INFO = NO;
				MTL_FAST_MATH = YES;
				SDKROOT = iphoneos;
				SWIFT_COMPILATION_MODE = wholemodule;
				SWIFT_OPTIMIZATION_LEVEL = "-O";
				VALIDATE_PRODUCT = YES;
			};
			name = Release;
		};
		3F115B5321A555F1002C55C2 /* Debug */ = {
			isa = XCBuildConfiguration;
			buildSettings = {
				ASSETCATALOG_COMPILER_APPICON_NAME = AppIcon;
				CODE_SIGN_STYLE = Automatic;
				INFOPLIST_FILE = 10/Info.plist;
				LD_RUNPATH_SEARCH_PATHS = (
					"$(inherited)",
					"@executable_path/Frameworks",
				);
				PRODUCT_BUNDLE_IDENTIFIER = "-016110408.-0";
				PRODUCT_NAME = "$(TARGET_NAME)";
				SWIFT_VERSION = 4.2;
				TARGETED_DEVICE_FAMILY = "1,2";
			};
			name = Debug;
		};
		3F115B5421A555F1002C55C2 /* Release */ = {
			isa = XCBuildConfiguration;
			buildSettings = {
				ASSETCATALOG_COMPILER_APPICON_NAME = AppIcon;
				CODE_SIGN_STYLE = Automatic;
				INFOPLIST_FILE = 10/Info.plist;
				LD_RUNPATH_SEARCH_PATHS = (
					"$(inherited)",
					"@executable_path/Frameworks",
				);
				PRODUCT_BUNDLE_IDENTIFIER = "-016110408.-0";
				PRODUCT_NAME = "$(TARGET_NAME)";
				SWIFT_VERSION = 4.2;
				TARGETED_DEVICE_FAMILY = "1,2";
			};
			name = Release;
		};
		3F115B5621A555F1002C55C2 /* Debug */ = {
			isa = XCBuildConfiguration;
			buildSettings = {
				ALWAYS_EMBED_SWIFT_STANDARD_LIBRARIES = YES;
				BUNDLE_LOADER = "$(TEST_HOST)";
				CODE_SIGN_STYLE = Automatic;
				INFOPLIST_FILE = 10Tests/Info.plist;
				LD_RUNPATH_SEARCH_PATHS = (
					"$(inherited)",
					"@executable_path/Frameworks",
					"@loader_path/Frameworks",
				);
				PRODUCT_BUNDLE_IDENTIFIER = "-016110408.-0Tests";
				PRODUCT_NAME = "$(TARGET_NAME)";
				SWIFT_VERSION = 4.2;
				TARGETED_DEVICE_FAMILY = "1,2";
				TEST_HOST = "$(BUILT_PRODUCTS_DIR)/10.app/10";
			};
			name = Debug;
		};
		3F115B5721A555F1002C55C2 /* Release */ = {
			isa = XCBuildConfiguration;
			buildSettings = {
				ALWAYS_EMBED_SWIFT_STANDARD_LIBRARIES = YES;
				BUNDLE_LOADER = "$(TEST_HOST)";
				CODE_SIGN_STYLE = Automatic;
				INFOPLIST_FILE = 10Tests/Info.plist;
				LD_RUNPATH_SEARCH_PATHS = (
					"$(inherited)",
					"@executable_path/Frameworks",
					"@loader_path/Frameworks",
				);
				PRODUCT_BUNDLE_IDENTIFIER = "-016110408.-0Tests";
				PRODUCT_NAME = "$(TARGET_NAME)";
				SWIFT_VERSION = 4.2;
				TARGETED_DEVICE_FAMILY = "1,2";
				TEST_HOST = "$(BUILT_PRODUCTS_DIR)/10.app/10";
			};
			name = Release;
		};
		3F115B5921A555F1002C55C2 /* Debug */ = {
			isa = XCBuildConfiguration;
			buildSettings = {
				ALWAYS_EMBED_SWIFT_STANDARD_LIBRARIES = YES;
				CODE_SIGN_STYLE = Automatic;
				INFOPLIST_FILE = 10UITests/Info.plist;
				LD_RUNPATH_SEARCH_PATHS = (
					"$(inherited)",
					"@executable_path/Frameworks",
					"@loader_path/Frameworks",
				);
				PRODUCT_BUNDLE_IDENTIFIER = "-016110408.-0UITests";
				PRODUCT_NAME = "$(TARGET_NAME)";
				SWIFT_VERSION = 4.2;
				TARGETED_DEVICE_FAMILY = "1,2";
				TEST_TARGET_NAME = 10;
			};
			name = Debug;
		};
		3F115B5A21A555F1002C55C2 /* Release */ = {
			isa = XCBuildConfiguration;
			buildSettings = {
				ALWAYS_EMBED_SWIFT_STANDARD_LIBRARIES = YES;
				CODE_SIGN_STYLE = Automatic;
				INFOPLIST_FILE = 10UITests/Info.plist;
				LD_RUNPATH_SEARCH_PATHS = (
					"$(inherited)",
					"@executable_path/Frameworks",
					"@loader_path/Frameworks",
				);
				PRODUCT_BUNDLE_IDENTIFIER = "-016110408.-0UITests";
				PRODUCT_NAME = "$(TARGET_NAME)";
				SWIFT_VERSION = 4.2;
				TARGETED_DEVICE_FAMILY = "1,2";
				TEST_TARGET_NAME = 10;
			};
			name = Release;
		};
/* End XCBuildConfiguration section */

/* Begin XCConfigurationList section */
		3F115B2521A555F0002C55C2 /* Build configuration list for PBXProject "10" */ = {
			isa = XCConfigurationList;
			buildConfigurations = (
				3F115B5021A555F1002C55C2 /* Debug */,
				3F115B5121A555F1002C55C2 /* Release */,
			);
			defaultConfigurationIsVisible = 0;
			defaultConfigurationName = Release;
		};
		3F115B5221A555F1002C55C2 /* Build configuration list for PBXNativeTarget "10" */ = {
			isa = XCConfigurationList;
			buildConfigurations = (
				3F115B5321A555F1002C55C2 /* Debug */,
				3F115B5421A555F1002C55C2 /* Release */,
			);
			defaultConfigurationIsVisible = 0;
			defaultConfigurationName = Release;
		};
		3F115B5521A555F1002C55C2 /* Build configuration list for PBXNativeTarget "10Tests" */ = {
			isa = XCConfigurationList;
			buildConfigurations = (
				3F115B5621A555F1002C55C2 /* Debug */,
				3F115B5721A555F1002C55C2 /* Release */,
			);
			defaultConfigurationIsVisible = 0;
			defaultConfigurationName = Release;
		};
		3F115B5821A555F1002C55C2 /* Build configuration list for PBXNativeTarget "10UITests" */ = {
			isa = XCConfigurationList;
			buildConfigurations = (
				3F115B5921A555F1002C55C2 /* Debug */,
				3F115B5A21A555F1002C55C2 /* Release */,
			);
			defaultConfigurationIsVisible = 0;
			defaultConfigurationName = Release;
		};
/* End XCConfigurationList section */
	};
	rootObject = 3F115B2221A555F0002C55C2 /* Project object */;
}
